
Microsoft Visual Studio Solution File, Format Version 12.00
# Visual Studio Version 17
VisualStudioVersion = 17.0.32014.148
MinimumVisualStudioVersion = 10.0.40219.1
Project("{9A19103F-16F7-4668-BE54-9A1E7A4F7556}") = "FlashCap", "FlashCap\FlashCap.csproj", "{3C2D07C0-48E9-4149-B2B8-ADB8C4D59737}"
EndProject
Project("{2150E333-8FDC-42A3-9474-1A3956D46DE8}") = "Solution Items", "Solution Items", "{75D5B17A-8CF0-448E-80D7-8FF1EB7EEA2D}"
	ProjectSection(SolutionItems) = preProject
		.gitignore = .gitignore
		build-nupkg.bat = build-nupkg.bat
		Directory.Build.props = Directory.Build.props
		README.md = README.md
		README_ja.md = README_ja.md
	EndProjectSection
EndProject
Project("{9A19103F-16F7-4668-BE54-9A1E7A4F7556}") = "FlashCap.WindowsForms", "samples\FlashCap.WindowsForms\FlashCap.WindowsForms.csproj", "{4B3E46F8-898A-482C-8893-1DFA2B3AB998}"
EndProject
Project("{2150E333-8FDC-42A3-9474-1A3956D46DE8}") = "samples", "samples", "{655486CC-57A5-494E-97D0-9850B6D55BBA}"
EndProject
Global
	GlobalSection(SolutionConfigurationPlatforms) = preSolution
		Debug|Any CPU = Debug|Any CPU
		Release|Any CPU = Release|Any CPU
	EndGlobalSection
	GlobalSection(ProjectConfigurationPlatforms) = postSolution
		{3C2D07C0-48E9-4149-B2B8-ADB8C4D59737}.Debug|Any CPU.ActiveCfg = Debug|Any CPU
		{3C2D07C0-48E9-4149-B2B8-ADB8C4D59737}.Debug|Any CPU.Build.0 = Debug|Any CPU
		{3C2D07C0-48E9-4149-B2B8-ADB8C4D59737}.Release|Any CPU.ActiveCfg = Release|Any CPU
		{3C2D07C0-48E9-4149-B2B8-ADB8C4D59737}.Release|Any CPU.Build.0 = Release|Any CPU
		{4B3E46F8-898A-482C-8893-1DFA2B3AB998}.Debug|Any CPU.ActiveCfg = Debug|Any CPU
		{4B3E46F8-898A-482C-8893-1DFA2B3AB998}.Debug|Any CPU.Build.0 = Debug|Any CPU
		{4B3E46F8-898A-482C-8893-1DFA2B3AB998}.Release|Any CPU.ActiveCfg = Release|Any CPU
		{4B3E46F8-898A-482C-8893-1DFA2B3AB998}.Release|Any CPU.Build.0 = Release|Any CPU
	EndGlobalSection
	GlobalSection(SolutionProperties) = preSolution
		HideSolutionNode = FALSE
	EndGlobalSection
	GlobalSection(NestedProjects) = preSolution
		{4B3E46F8-898A-482C-8893-1DFA2B3AB998} = {655486CC-57A5-494E-97D0-9850B6D55BBA}
	EndGlobalSection
	GlobalSection(ExtensibilityGlobals) = postSolution
		SolutionGuid = {53E3C2D2-05FD-4396-ABF1-6B313F8F82A9}
	EndGlobalSection
EndGlobal
